{
  "name": "create-github-whatsapp-notifier",
  "version": "1.0.6",
  "lockfileVersion": 3,
  "requires": true,
  "packages": {
    "": {
      "name": "create-github-whatsapp-notifier",
      "version": "1.0.6",
      "license": "ISC",
      "bin": {
        "create-github-whatsapp-notifier": "bin/create-github-whatsapp-notifier.js"
      }
    }
  }
}
